
Microsoft Visual Studio Solution File, Format Version 12.00
# Visual Studio Version 17
VisualStudioVersion = 17.9.34616.47
MinimumVisualStudioVersion = 10.0.40219.1
Project("{FAE04EC0-301F-11D3-BF4B-00C04F79EFBC}") = "ReviaRace", "Main\ReviaRace.csproj", "{DF2BD9DB-9224-4EB0-A772-D1757C6DCAE2}"
EndProject
Project("{FAE04EC0-301F-11D3-BF4B-00C04F79EFBC}") = "FA_Patch", "FA_Patch\FA_Patch.csproj", "{7836166C-0130-4FC8-AB04-EF816BC604D1}"
	ProjectSection(ProjectDependencies) = postProject
		{DF2BD9DB-9224-4EB0-A772-D1757C6DCAE2} = {DF2BD9DB-9224-4EB0-A772-D1757C6DCAE2}
	EndProjectSection
EndProject
Global
	GlobalSection(SolutionConfigurationPlatforms) = preSolution
		Debug|Any CPU = Debug|Any CPU
		Release 1.2|Any CPU = Release 1.2|Any CPU
		Release 1.3|Any CPU = Release 1.3|Any CPU
		Release 1.4|Any CPU = Release 1.4|Any CPU
		Release 1.5|Any CPU = Release 1.5|Any CPU
		Release|Any CPU = Release|Any CPU
	EndGlobalSection
	GlobalSection(ProjectConfigurationPlatforms) = postSolution
		{DF2BD9DB-9224-4EB0-A772-D1757C6DCAE2}.Debug|Any CPU.ActiveCfg = Debug|Any CPU
		{DF2BD9DB-9224-4EB0-A772-D1757C6DCAE2}.Debug|Any CPU.Build.0 = Debug|Any CPU
		{DF2BD9DB-9224-4EB0-A772-D1757C6DCAE2}.Release 1.2|Any CPU.ActiveCfg = Release 1.2|Any CPU
		{DF2BD9DB-9224-4EB0-A772-D1757C6DCAE2}.Release 1.2|Any CPU.Build.0 = Release 1.2|Any CPU
		{DF2BD9DB-9224-4EB0-A772-D1757C6DCAE2}.Release 1.3|Any CPU.ActiveCfg = Release 1.3|Any CPU
		{DF2BD9DB-9224-4EB0-A772-D1757C6DCAE2}.Release 1.3|Any CPU.Build.0 = Release 1.3|Any CPU
		{DF2BD9DB-9224-4EB0-A772-D1757C6DCAE2}.Release 1.4|Any CPU.ActiveCfg = Release 1.4|Any CPU
		{DF2BD9DB-9224-4EB0-A772-D1757C6DCAE2}.Release 1.4|Any CPU.Build.0 = Release 1.4|Any CPU
		{DF2BD9DB-9224-4EB0-A772-D1757C6DCAE2}.Release 1.5|Any CPU.ActiveCfg = Release 1.5|Any CPU
		{DF2BD9DB-9224-4EB0-A772-D1757C6DCAE2}.Release 1.5|Any CPU.Build.0 = Release 1.5|Any CPU
		{DF2BD9DB-9224-4EB0-A772-D1757C6DCAE2}.Release|Any CPU.ActiveCfg = Release|Any CPU
		{DF2BD9DB-9224-4EB0-A772-D1757C6DCAE2}.Release|Any CPU.Build.0 = Release|Any CPU
		{7836166C-0130-4FC8-AB04-EF816BC604D1}.Debug|Any CPU.ActiveCfg = Debug|Any CPU
		{7836166C-0130-4FC8-AB04-EF816BC604D1}.Debug|Any CPU.Build.0 = Debug|Any CPU
		{7836166C-0130-4FC8-AB04-EF816BC604D1}.Release 1.2|Any CPU.ActiveCfg = Release|Any CPU
		{7836166C-0130-4FC8-AB04-EF816BC604D1}.Release 1.2|Any CPU.Build.0 = Release|Any CPU
		{7836166C-0130-4FC8-AB04-EF816BC604D1}.Release 1.3|Any CPU.ActiveCfg = Release|Any CPU
		{7836166C-0130-4FC8-AB04-EF816BC604D1}.Release 1.3|Any CPU.Build.0 = Release|Any CPU
		{7836166C-0130-4FC8-AB04-EF816BC604D1}.Release 1.4|Any CPU.ActiveCfg = Release|Any CPU
		{7836166C-0130-4FC8-AB04-EF816BC604D1}.Release 1.4|Any CPU.Build.0 = Release|Any CPU
		{7836166C-0130-4FC8-AB04-EF816BC604D1}.Release 1.5|Any CPU.ActiveCfg = Release 1.5|Any CPU
		{7836166C-0130-4FC8-AB04-EF816BC604D1}.Release 1.5|Any CPU.Build.0 = Release 1.5|Any CPU
		{7836166C-0130-4FC8-AB04-EF816BC604D1}.Release|Any CPU.ActiveCfg = Release|Any CPU
		{7836166C-0130-4FC8-AB04-EF816BC604D1}.Release|Any CPU.Build.0 = Release|Any CPU
	EndGlobalSection
	GlobalSection(SolutionProperties) = preSolution
		HideSolutionNode = FALSE
	EndGlobalSection
	GlobalSection(ExtensibilityGlobals) = postSolution
		SolutionGuid = {3C754729-E9D2-4D49-B79C-59F852A0A24C}
	EndGlobalSection
EndGlobal
